
Microsoft Visual Studio Solution File, Format Version 12.00
# Visual Studio Version 17
VisualStudioVersion = 17.0.32014.148
MinimumVisualStudioVersion = 10.0.40219.1
Project("{FAE04EC0-301F-11D3-BF4B-00C04F79EFBC}") = "SimpleApp.API", "SimpleApp.API\SimpleApp.API.csproj", "{3EB9396C-BBD2-48A8-B9AC-2CC357B02BC1}"
EndProject
Global
	GlobalSection(SolutionConfigurationPlatforms) = preSolution
		Debug|Any CPU = Debug|Any CPU
		Release|Any CPU = Release|Any CPU
	EndGlobalSection
	GlobalSection(ProjectConfigurationPlatforms) = postSolution
		{3EB9396C-BBD2-48A8-B9AC-2CC357B02BC1}.Debug|Any CPU.ActiveCfg = Debug|Any CPU
		{3EB9396C-BBD2-48A8-B9AC-2CC357B02BC1}.Debug|Any CPU.Build.0 = Debug|Any CPU
		{3EB9396C-BBD2-48A8-B9AC-2CC357B02BC1}.Release|Any CPU.ActiveCfg = Release|Any CPU
		{3EB9396C-BBD2-48A8-B9AC-2CC357B02BC1}.Release|Any CPU.Build.0 = Release|Any CPU
	EndGlobalSection
	GlobalSection(SolutionProperties) = preSolution
		HideSolutionNode = FALSE
	EndGlobalSection
	GlobalSection(ExtensibilityGlobals) = postSolution
		SolutionGuid = {BDE42A08-6387-4B02-A874-296648B748C6}
	EndGlobalSection
EndGlobal
